<Solution>
  <Project Path="Module-3/Module-3-.pyproj" Type="888888a0-9f3d-457c-b088-3a5042f75d52" Id="5ae993b6-757f-4ae6-bfc1-5fe8948ccb61">
    <Build Project="false" />
  </Project>
  <Project Path="NumPy/NumPyTasks.pyproj" Type="888888a0-9f3d-457c-b088-3a5042f75d52" Id="67a3b879-35f7-4e3a-9aae-6c7b54045faa">
    <Build Project="false" />
  </Project>
</Solution>
